{
  "name": "challenge",
  "lockfileVersion": 2,
  "requires": true,
  "packages": {
    "": {
      "dependencies": {
        "augmented-ui": "^2.0.0"
      }
    },
    "node_modules/augmented-ui": {
      "version": "2.0.0",
      "resolved": "https://registry.npmjs.org/augmented-ui/-/augmented-ui-2.0.0.tgz",
      "integrity": "sha512-5hp6zqzNwn7mhhdgZq5kOqzK5el642ubKJNR++5Desou9RnMuxQ0MtCzxAu/dkoXn8wmQoqzwagGmVY4La7NjA=="
    }
  },
  "dependencies": {
    "augmented-ui": {
      "version": "2.0.0",
      "resolved": "https://registry.npmjs.org/augmented-ui/-/augmented-ui-2.0.0.tgz",
      "integrity": "sha512-5hp6zqzNwn7mhhdgZq5kOqzK5el642ubKJNR++5Desou9RnMuxQ0MtCzxAu/dkoXn8wmQoqzwagGmVY4La7NjA=="
    }
  }
}
