# THIS IS AN AUTOGENERATED FILE. DO NOT EDIT THIS FILE DIRECTLY.
# yarn lockfile v1


random-words@2.0.0:
  version "2.0.0"
  resolved "https://registry.yarnpkg.com/random-words/-/random-words-2.0.0.tgz#af1e1a75d506b5dec996094ab074bf2196272287"
  integrity sha512-uqpnDqFnYrZajgmvgjmBrSZL2V1UA/9bNPGrilo12CmBeBszoff/avElutUlwWxG12gvmCk/8dUhvHefYxzYjw==
  dependencies:
    seedrandom "^3.0.5"

seedrandom@^3.0.5:
  version "3.0.5"
  resolved "https://registry.yarnpkg.com/seedrandom/-/seedrandom-3.0.5.tgz#54edc85c95222525b0c7a6f6b3543d8e0b3aa0a7"
  integrity sha512-8OwmbklUNzwezjGInmZ+2clQmExQPvomqjL7LFqOYqtmuxRgQYqOD3mHaU+MvZn5FLUeVxVfQjwLZW/n/JFuqg==
