# THIS IS AN AUTOGENERATED FILE. DO NOT EDIT THIS FILE DIRECTLY.
# yarn lockfile v1


playwright-core@1.27.1:
  version "1.27.1"
  resolved "https://registry.yarnpkg.com/playwright-core/-/playwright-core-1.27.1.tgz#840ef662e55a3ed759d8b5d3d00a5f885a7184f4"
  integrity sha512-9EmeXDncC2Pmp/z+teoVYlvmPWUC6ejSSYZUln7YaP89Z6lpAaiaAnqroUt/BoLo8tn7WYShcfaCh+xofZa44Q==

playwright-firefox@^1.27.1:
  version "1.27.1"
  resolved "https://registry.yarnpkg.com/playwright-firefox/-/playwright-firefox-1.27.1.tgz#724072fab6a7f1957e8e953d3f3e00cfb527c1bd"
  integrity sha512-AkPARIZQNSfEKyPHrYMjy45kOv59tXcRNdRldsrN/FmgIjd76irY1e1GD0wjPCwqqItDmOpX8UhORSM9ty7hDA==
  dependencies:
    playwright-core "1.27.1"
