{
    "name": "artgallery",
    "version": "0.0.0",
    "lockfileVersion": 2,
    "requires": true,
    "packages": {
        "": {
            "name": "artgallery",
            "version": "0.0.0",
            "dependencies": {
                "ftpd": "^0.2.16"
            }
        },
        "node_modules/dateformat": {
            "version": "1.0.7-1.2.3",
            "resolved": "https://registry.npmjs.org/dateformat/-/dateformat-1.0.7-1.2.3.tgz",
            "integrity": "sha512-rzAoghPcnojOgYhvqb9ZYR5Ws9hDM2SGB6xLSUX9pEAKYnbxyexHZypDLgx3+SF3SR+at6waVRCxKDm6q2Z6+g==",
            "engines": {
                "node": "*"
            }
        },
        "node_modules/ftpd": {
            "version": "0.2.16",
            "resolved": "https://registry.npmjs.org/ftpd/-/ftpd-0.2.16.tgz",
            "integrity": "sha512-lGNoreb883yQl6eELtg7TNl79ds6wj1DInNL6t3rcKte9gzrhZCusL+9UCzef0UP7LGCs/sXbcU4ldgLCPZFGg==",
            "dependencies": {
                "dateformat": "1.0.7-1.2.3",
                "stat-mode": "^0.2.1"
            },
            "engines": {
                "node": ">=0.10.0"
            }
        },
        "node_modules/stat-mode": {
            "version": "0.2.2",
            "resolved": "https://registry.npmjs.org/stat-mode/-/stat-mode-0.2.2.tgz",
            "integrity": "sha512-o+7DC0OM5Jt3+gratXXqfXf62V/CBoqQbT7Kp7jCxTYW2PLOB2/ZSGIfm9T5/QZe1Vw1MCbu6DoB6JnhVtxcJw=="
        }
    },
    "dependencies": {
        "dateformat": {
            "version": "1.0.7-1.2.3",
            "resolved": "https://registry.npmjs.org/dateformat/-/dateformat-1.0.7-1.2.3.tgz",
            "integrity": "sha512-rzAoghPcnojOgYhvqb9ZYR5Ws9hDM2SGB6xLSUX9pEAKYnbxyexHZypDLgx3+SF3SR+at6waVRCxKDm6q2Z6+g=="
        },
        "ftpd": {
            "version": "0.2.16",
            "resolved": "https://registry.npmjs.org/ftpd/-/ftpd-0.2.16.tgz",
            "integrity": "sha512-lGNoreb883yQl6eELtg7TNl79ds6wj1DInNL6t3rcKte9gzrhZCusL+9UCzef0UP7LGCs/sXbcU4ldgLCPZFGg==",
            "requires": {
                "dateformat": "1.0.7-1.2.3",
                "stat-mode": "^0.2.1"
            }
        },
        "stat-mode": {
            "version": "0.2.2",
            "resolved": "https://registry.npmjs.org/stat-mode/-/stat-mode-0.2.2.tgz",
            "integrity": "sha512-o+7DC0OM5Jt3+gratXXqfXf62V/CBoqQbT7Kp7jCxTYW2PLOB2/ZSGIfm9T5/QZe1Vw1MCbu6DoB6JnhVtxcJw=="
        }
    }
}
