lockfileVersion: '6.0'

settings:
  autoInstallPeers: true
  excludeLinksFromLockfile: false

dependencies:
  njs-types:
    specifier: ^0.8.2
    version: 0.8.2

packages:

  /njs-types@0.8.2:
    resolution: {integrity: sha512-6uv1Tcb4khW45LHZqj5vu1uo7WbvB6nINZjDVmryOxiO3K7rDMqRVNJbYtLHOKNbGDqLygIip9iYZbFViIVGqA==}
    dev: false
