github.com/rot256/pblind v0.0.0-20211112094134-7ce3bd66b9f6 h1:ivDju1DYeFiDAQlC1zYvl0nMg/jBbZQlO9HX5O2zffc=
github.com/rot256/pblind v0.0.0-20211112094134-7ce3bd66b9f6/go.mod h1:SI9+Ls7HSJkgYArhh8oBPhXiNL7tJltkU1H6Pm2o8Zo=
golang.org/x/crypto v0.6.0 h1:qfktjS5LUO+fFKeJXZ+ikTRijMmljikvG68fpMMruSc=
golang.org/x/crypto v0.6.0/go.mod h1:OFC/31mSvZgRz0V1QTNCzfAI1aIRzbiufJtkMIlEp58=