github.com/google/uuid v1.3.0 h1:t6JiXgmwXMjEs8VusXIJk2BXHsn+wx8BZdTaoZ5fu7I=
github.com/google/uuid v1.3.0/go.mod h1:TIyPZe4MgqvfeYDBFedMoGGpEw/LqOeaOT+nhxU+yHo=
github.com/gorilla/mux v1.8.0 h1:i40aqfkR1h2SlN9hojwV5ZA91wcXFOvkdNIeFDP5koI=
github.com/gorilla/mux v1.8.0/go.mod h1:DVbg23sWSpFRCP0SfiEN6jmj59UnW/n46BH5rLB71So=
github.com/sethvargo/go-limiter v0.7.2 h1:FgC4N7RMpV5gMrUdda15FaFTkQ/L4fEqM7seXMs4oO8=
github.com/sethvargo/go-limiter v0.7.2/go.mod h1:C0kbSFbiriE5k2FFOe18M1YZbAR2Fiwf72uGu0CXCcU=
