{
  "name": "upside_down_cake",
  "lockfileVersion": 3,
  "requires": true,
  "packages": {
    "": {
      "name": "upside_down_cake",
      "dependencies": {
        "@hono/node-server": "^1.2.0",
        "hono": "^3.9.1"
      }
    },
    "node_modules/@hono/node-server": {
      "version": "1.2.0",
      "resolved": "https://registry.npmjs.org/@hono/node-server/-/node-server-1.2.0.tgz",
      "integrity": "sha512-aHT8lDMLpd7ioXJ1/057+h+oE/k7rCOWmjklYDsE0jE4CoNB9XzG4f8dRHvw4s5HJFocaYDiGgYM/V0kYbQ0ww==",
      "engines": {
        "node": ">=18.0.0"
      }
    },
    "node_modules/hono": {
      "version": "3.9.1",
      "resolved": "https://registry.npmjs.org/hono/-/hono-3.9.1.tgz",
      "integrity": "sha512-z3nM9CjNZ8PRAH6NNntk4ESKW2POEbGanhK1QpYdQ1MOYRzZPSEE8B5mqw8bYEPa7qIQxX0vtlv7XOxtwFbosg==",
      "engines": {
        "node": ">=16.0.0"
      }
    }
  }
}
