{
  "version": "3",
  "remote": {
    "https://deno.land/std@0.213.0/assert/assert.ts": "bec068b2fccdd434c138a555b19a2c2393b71dfaada02b7d568a01541e67cdc5",
    "https://deno.land/std@0.213.0/assert/assert_exists.ts": "24a7bf965e634f909242cd09fbaf38bde6b791128ece08e33ab08586a7cc55c9",
    "https://deno.land/std@0.213.0/assert/assertion_error.ts": "9f689a101ee586c4ce92f52fa7ddd362e86434ffdf1f848e45987dc7689976b8",
    "https://deno.land/std@0.213.0/cli/parse_args.ts": "cc3e9ac1684a65bada17dbfe1b53cd7c1b1ce1f009fdd1ddb1d62e53a3d9732f",
    "https://deno.land/std@0.213.0/encoding/_util.ts": "beacef316c1255da9bc8e95afb1fa56ed69baef919c88dc06ae6cb7a6103d376",
    "https://deno.land/std@0.213.0/encoding/base64.ts": "0ec6d6e6b68fc38f6396277e5184bcd47c1a9db0222fd0b563487eb67e352741",
    "https://deno.land/std@0.213.0/fmt/bytes.ts": "7b294a4b9cf0297efa55acb55d50610f3e116a0ac772d1df0ae00f0b833ccd4a",
    "https://deno.land/std@0.213.0/fmt/colors.ts": "aeaee795471b56fc62a3cb2e174ed33e91551b535f44677f6320336aabb54fbb",
    "https://deno.land/std@0.213.0/http/etag.ts": "9c120f11b2e57fdaeda28a6cf6c060a3d203e58f56e5856a717281dd0318eedc",
    "https://deno.land/std@0.213.0/http/file_server.ts": "9ac4b039b6d2a419b10dd027bdafdfa9d262ddea0b6f033f96a0b6c3706bab69",
    "https://deno.land/std@0.213.0/http/status.ts": "ed61b4882af2514a81aefd3245e8df4c47b9a8e54929a903577643d2d1ebf514",
    "https://deno.land/std@0.213.0/media_types/_db.ts": "1d695d9fe1c785e523d6de7191b33f33ecc7866db77358a4f966221cca56e2f9",
    "https://deno.land/std@0.213.0/media_types/_util.ts": "afd54920a8a81add64248897898d3f30ca414a8803fe0c4e6d2893a3f6bd32b0",
    "https://deno.land/std@0.213.0/media_types/content_type.ts": "ed3f2e1f243b418ad3f441edc95fd92efbadb0f9bde36219c7564c67f9639513",
    "https://deno.land/std@0.213.0/media_types/format_media_type.ts": "ffef4718afa2489530cb94021bb865a466eb02037609f7e82899c017959d288a",
    "https://deno.land/std@0.213.0/media_types/get_charset.ts": "bce5c0343c14590516cbfa1a3e80891d9a7a53bc9b4a9010061cc4f879e18f6c",
    "https://deno.land/std@0.213.0/media_types/parse_media_type.ts": "487f000a38c230ccbac25420a50f600862e06796d0eee19d19631b9e84ee9654",
    "https://deno.land/std@0.213.0/media_types/type_by_extension.ts": "bf4e3f5d6b58b624d5daa01cbb8b1e86d9939940a77e7c26e796a075b60ec73b",
    "https://deno.land/std@0.213.0/media_types/vendor/mime-db.v1.52.0.ts": "0218d2c7d900e8cd6fa4a866e0c387712af4af9a1bae55d6b2546c73d273a1e6",
    "https://deno.land/std@0.213.0/path/_common/assert_path.ts": "2ca275f36ac1788b2acb60fb2b79cb06027198bc2ba6fb7e163efaedde98c297",
    "https://deno.land/std@0.213.0/path/_common/constants.ts": "dc5f8057159f4b48cd304eb3027e42f1148cf4df1fb4240774d3492b5d12ac0c",
    "https://deno.land/std@0.213.0/path/_common/normalize.ts": "684df4aa71a04bbcc346c692c8485594fc8a90b9408dfbc26ff32cf3e0c98cc8",
    "https://deno.land/std@0.213.0/path/_common/normalize_string.ts": "dfdf657a1b1a7db7999f7c575ee7e6b0551d9c20f19486c6c3f5ff428384c965",
    "https://deno.land/std@0.213.0/path/_common/relative.ts": "faa2753d9b32320ed4ada0733261e3357c186e5705678d9dd08b97527deae607",
    "https://deno.land/std@0.213.0/path/_os.ts": "8fb9b90fb6b753bd8c77cfd8a33c2ff6c5f5bc185f50de8ca4ac6a05710b2c15",
    "https://deno.land/std@0.213.0/path/constants.ts": "0c206169ca104938ede9da48ac952de288f23343304a1c3cb6ec7625e7325f36",
    "https://deno.land/std@0.213.0/path/extname.ts": "593303db8ae8c865cbd9ceec6e55d4b9ac5410c1e276bfd3131916591b954441",
    "https://deno.land/std@0.213.0/path/join.ts": "ae2ec5ca44c7e84a235fd532e4a0116bfb1f2368b394db1c4fb75e3c0f26a33a",
    "https://deno.land/std@0.213.0/path/posix/_util.ts": "1e3937da30f080bfc99fe45d7ed23c47dd8585c5e473b2d771380d3a6937cf9d",
    "https://deno.land/std@0.213.0/path/posix/extname.ts": "8d36ae0082063c5e1191639699e6f77d3acf501600a3d87b74943f0ae5327427",
    "https://deno.land/std@0.213.0/path/posix/join.ts": "aef88d5fa3650f7516730865dbb951594d1a955b785e2450dbee93b8e32694f3",
    "https://deno.land/std@0.213.0/path/posix/normalize.ts": "baeb49816a8299f90a0237d214cef46f00ba3e95c0d2ceb74205a6a584b58a91",
    "https://deno.land/std@0.213.0/path/posix/relative.ts": "3907d6eda41f0ff723d336125a1ad4349112cd4d48f693859980314d5b9da31c",
    "https://deno.land/std@0.213.0/path/posix/resolve.ts": "bac20d9921beebbbb2b73706683b518b1d0c1b1da514140cee409e90d6b2913a",
    "https://deno.land/std@0.213.0/path/relative.ts": "ab739d727180ed8727e34ed71d976912461d98e2b76de3d3de834c1066667add",
    "https://deno.land/std@0.213.0/path/resolve.ts": "a6f977bdb4272e79d8d0ed4333e3d71367cc3926acf15ac271f1d059c8494d8d",
    "https://deno.land/std@0.213.0/path/windows/_util.ts": "d5f47363e5293fced22c984550d5e70e98e266cc3f31769e1710511803d04808",
    "https://deno.land/std@0.213.0/path/windows/extname.ts": "165a61b00d781257fda1e9606a48c78b06815385e7d703232548dbfc95346bef",
    "https://deno.land/std@0.213.0/path/windows/join.ts": "e0b3356615c1a75c56ebb6a7311157911659e11fd533d80d724800126b761ac3",
    "https://deno.land/std@0.213.0/path/windows/normalize.ts": "78126170ab917f0ca355a9af9e65ad6bfa5be14d574c5fb09bb1920f52577780",
    "https://deno.land/std@0.213.0/path/windows/relative.ts": "3e1abc7977ee6cc0db2730d1f9cb38be87b0ce4806759d271a70e4997fc638d7",
    "https://deno.land/std@0.213.0/path/windows/resolve.ts": "75b2e3e1238d840782cee3d8864d82bfaa593c7af8b22f19c6422cf82f330ab3",
    "https://deno.land/std@0.213.0/streams/byte_slice_stream.ts": "5bbdcadb118390affa9b3d0a0f73ef8e83754f59bb89df349add669dd9369713",
    "https://deno.land/std@0.213.0/version.ts": "dc3ebfb7e2a1ca52461f9c740884caa6c7334b9b0a646f1850ae59315e052ca6",
    "https://deno.land/std@0.63.0/bytes/mod.ts": "b1a149ac741728db00bda9ce1a2d044f248edd5ac95e708a6cc501bfd3adb4a7",
    "https://deno.land/std@0.63.0/fmt/printf.ts": "bef13da5448ff7a929aa528dcd100b3f9e4de1c07e26811ddbbba8a5e132fb6e",
    "https://deno.land/x/sha2@1.0.0/deps/std/concat.ts": "4abba8c3a078cd47a7ca8edcec7d8773c47299ac51131185e9d0afc24c9c7e4f",
    "https://deno.land/x/sha2@1.0.0/deps/std/printf.ts": "bb1e11984f4757f738b1c1edc80e2d9e9a63d140b4be1b660587b5d3aac77121",
    "https://deno.land/x/sha2@1.0.0/mod/sha512.ts": "eb8e60145ceb88c5f5e2a8b48a65e61df8841f94b80a39626fc6e9bbd068592b",
    "https://deno.land/x/sha2@1.0.0/src/mod.ts": "ccc60de3e87b35c5a836960b707c4410c0128d60ce9ce725e40b64a4fa0de5a3",
    "https://deno.land/x/sha2@1.0.0/src/sha512.ts": "43c442612da098d226add5b9a7b420d8879f540412707865c654fb928286327a",
    "https://deno.land/x/sha2@1.0.0/src/utils.ts": "1f047c9d3020b3862c0ffa341f0d70383eddad561ca33233bc6ab2b9e30a47d8"
  }
}
