{
  "nodes": {
    "nixpkgs": {
      "locked": {
        "lastModified": 1696577711,
        "narHash": "sha256-94VRjvClIKDym1QRqPkX5LTQoAwZ1E6QE/3dWtOXSIQ=",
        "owner": "NixOS",
        "repo": "nixpkgs",
        "rev": "a2eb207f45e4a14a1e3019d9e3863d1e208e2295",
        "type": "github"
      },
      "original": {
        "owner": "NixOS",
        "ref": "nixpkgs-unstable",
        "repo": "nixpkgs",
        "type": "github"
      }
    },
    "root": {
      "inputs": {
        "nixpkgs": "nixpkgs"
      }
    }
  },
  "root": "root",
  "version": 7
}
