# THIS IS AN AUTOGENERATED FILE. DO NOT EDIT THIS FILE DIRECTLY.
# yarn lockfile v1


"@editorjs/editorjs@^2.27.0":
  version "2.27.0"
  resolved "https://registry.yarnpkg.com/@editorjs/editorjs/-/editorjs-2.27.0.tgz#ec2d6e2f42d1aa84d13eaea6a9c48b4324972c59"
  integrity sha512-XyPnvu61Ynk4k7R/1gVYUJjrtuf9Tf0A+CZuvp2suW4z5TNHqNjBa9vRdr3ngHzhNSoZvgstrOO3zCVqVTezPg==
