{
    "_readme": [
        "This file locks the dependencies of your project to a known state",
        "Read more about it at https://getcomposer.org/doc/01-basic-usage.md#installing-dependencies",
        "This file is @generated automatically"
    ],
    "content-hash": "db218b3183485294acc0f8f89f2eb244",
    "packages": [
        {
            "name": "smi2/phpclickhouse",
            "version": "1.5.1",
            "source": {
                "type": "git",
                "url": "https://github.com/smi2/phpClickHouse.git",
                "reference": "14606e47fa7208e58976569e223f02fe719b4cd9"
            },
            "dist": {
                "type": "zip",
                "url": "https://api.github.com/repos/smi2/phpClickHouse/zipball/14606e47fa7208e58976569e223f02fe719b4cd9",
                "reference": "14606e47fa7208e58976569e223f02fe719b4cd9",
                "shasum": ""
            },
            "require": {
                "ext-curl": "*",
                "ext-json": "*",
                "php": "^7.3|^8.0"
            },
            "require-dev": {
                "doctrine/coding-standard": "^8.2",
                "phpstan/phpstan": "^0.12",
                "phpunit/phpunit": "^9.5",
                "sebastian/comparator": "^4.0"
            },
            "type": "library",
            "autoload": {
                "psr-4": {
                    "ClickHouseDB\\": "src/"
                }
            },
            "notification-url": "https://packagist.org/downloads/",
            "license": [
                "MIT"
            ],
            "authors": [
                {
                    "name": "Igor Strykhar",
                    "email": "isublimity@gmail.com",
                    "homepage": "https://github.com/isublimity"
                }
            ],
            "description": "PHP ClickHouse Client",
            "homepage": "https://github.com/smi2/phpClickHouse",
            "keywords": [
                "clickhouse",
                "client",
                "curl",
                "driver",
                "http",
                "http client",
                "php"
            ],
            "support": {
                "issues": "https://github.com/smi2/phpClickHouse/issues",
                "source": "https://github.com/smi2/phpClickHouse/tree/1.5.1"
            },
            "time": "2023-05-24T17:01:13+00:00"
        }
    ],
    "packages-dev": [],
    "aliases": [],
    "minimum-stability": "stable",
    "stability-flags": [],
    "prefer-stable": false,
    "prefer-lowest": false,
    "platform": [],
    "platform-dev": [],
    "plugin-api-version": "2.6.0"
}
